
Microsoft Visual Studio Solution File, Format Version 12.00
# Visual Studio Version 17
VisualStudioVersion = 17.7.34018.315
MinimumVisualStudioVersion = 10.0.40219.1
Project("{9A19103F-16F7-4668-BE54-9A1E7A4F7556}") = "CIS174AssignmentsApp", "CIS174AssignmentsApp\CIS174AssignmentsApp.csproj", "{98BAE747-DD13-4F99-9655-F0A533677A49}"
EndProject
Global
	GlobalSection(SolutionConfigurationPlatforms) = preSolution
		Debug|Any CPU = Debug|Any CPU
		Release|Any CPU = Release|Any CPU
	EndGlobalSection
	GlobalSection(ProjectConfigurationPlatforms) = postSolution
		{98BAE747-DD13-4F99-9655-F0A533677A49}.Debug|Any CPU.ActiveCfg = Debug|Any CPU
		{98BAE747-DD13-4F99-9655-F0A533677A49}.Debug|Any CPU.Build.0 = Debug|Any CPU
		{98BAE747-DD13-4F99-9655-F0A533677A49}.Release|Any CPU.ActiveCfg = Release|Any CPU
		{98BAE747-DD13-4F99-9655-F0A533677A49}.Release|Any CPU.Build.0 = Release|Any CPU
	EndGlobalSection
	GlobalSection(SolutionProperties) = preSolution
		HideSolutionNode = FALSE
	EndGlobalSection
	GlobalSection(ExtensibilityGlobals) = postSolution
		SolutionGuid = {47452340-8358-4D47-A1A9-223D6A5E9C7B}
	EndGlobalSection
EndGlobal
